
Microsoft Visual Studio Solution File, Format Version 12.00
# Visual Studio Version 17
VisualStudioVersion = 17.11.35327.3
MinimumVisualStudioVersion = 10.0.40219.1
Project("{FAE04EC0-301F-11D3-BF4B-00C04F79EFBC}") = "Komunikator_touch", "Komunikator_touch\Komunikator_touch.csproj", "{A05F2ED0-AD48-4B10-9878-B01D492457CB}"
EndProject
Global
	GlobalSection(SolutionConfigurationPlatforms) = preSolution
		Debug|Any CPU = Debug|Any CPU
		Release|Any CPU = Release|Any CPU
	EndGlobalSection
	GlobalSection(ProjectConfigurationPlatforms) = postSolution
		{A05F2ED0-AD48-4B10-9878-B01D492457CB}.Debug|Any CPU.ActiveCfg = Debug|Any CPU
		{A05F2ED0-AD48-4B10-9878-B01D492457CB}.Debug|Any CPU.Build.0 = Debug|Any CPU
		{A05F2ED0-AD48-4B10-9878-B01D492457CB}.Release|Any CPU.ActiveCfg = Release|Any CPU
		{A05F2ED0-AD48-4B10-9878-B01D492457CB}.Release|Any CPU.Build.0 = Release|Any CPU
	EndGlobalSection
	GlobalSection(SolutionProperties) = preSolution
		HideSolutionNode = FALSE
	EndGlobalSection
	GlobalSection(ExtensibilityGlobals) = postSolution
		SolutionGuid = {28FB70A7-521C-4235-BC8A-66B6A42B522A}
	EndGlobalSection
EndGlobal
